<?xml version="1.0" encoding="utf-8"?>
<Project ToolsVersion="4.0" xmlns="http://schemas.microsoft.com/developer/msbuild/2003">
  <ItemGroup>
    <Filter Include="Resource Files">
      <UniqueIdentifier>{a7dbdb79-13a8-4ed3-972d-3f3aaa4e9d5e}</UniqueIdentifier>
      <Extensions>ico;cur;bmp;dlg;rc2;rct;bin;rgs;gif;jpg;jpeg;jpe</Extensions>
    </Filter>
    <Filter Include="Source">
      <UniqueIdentifier>{beaaedc1-2a25-4215-88ac-458319de9106}</UniqueIdentifier>
      <Extensions>cpp;c;cxx;rc;def;r;odl;idl;hpj;bat</Extensions>
    </Filter>
    <Filter Include="ImageLib">
      <UniqueIdentifier>{e71f8187-07f0-46c6-9db9-c97407177e43}</UniqueIdentifier>
    </Filter>
    <Filter Include="MapBoard">
      <UniqueIdentifier>{af6584b2-04ad-401d-a5d5-1f03e67f5d6e}</UniqueIdentifier>
    </Filter>
    <Filter Include="Renderer2">
      <UniqueIdentifier>{aa410ad1-2e0e-4282-926c-7ac31a52e7ab}</UniqueIdentifier>
    </Filter>
    <Filter Include="img_lib">
      <UniqueIdentifier>{bccf1deb-4047-48dc-9b30-0cc543d1e838}</UniqueIdentifier>
    </Filter>
  </ItemGroup>
  <ItemGroup>
    <ClCompile Include="Background.cpp">
      <Filter>Source</Filter>
    </ClCompile>
    <ClCompile Include="GenFuncs.c">
      <Filter>Source</Filter>
    </ClCompile>
    <ClCompile Include="input.cpp">
      <Filter>Source</Filter>
    </ClCompile>
    <ClCompile Include="Joes2.cpp">
      <Filter>Source</Filter>
    </ClCompile>
    <ClCompile Include="main.cpp">
      <Filter>Source</Filter>
    </ClCompile>
    <ClCompile Include="Object.cpp">
      <Filter>Source</Filter>
    </ClCompile>
    <ClCompile Include="ObjMan.cpp">
      <Filter>Source</Filter>
    </ClCompile>
    <ClCompile Include="ScrollGIN.cpp">
      <Filter>Source</Filter>
    </ClCompile>
    <ClCompile Include="Sprite.cpp">
      <Filter>Source</Filter>
    </ClCompile>
    <ClCompile Include="SpriteManager.cpp">
      <Filter>Source</Filter>
    </ClCompile>
    <ClCompile Include="TestAI.cpp">
      <Filter>Source</Filter>
    </ClCompile>
    <ClCompile Include="TileManager.cpp">
      <Filter>Source</Filter>
    </ClCompile>
    <ClCompile Include="Timer.cpp">
      <Filter>Source</Filter>
    </ClCompile>
    <ClCompile Include="view.cpp">
      <Filter>Source</Filter>
    </ClCompile>
    <ClCompile Include="..\ImageLib\Bitmap.c">
      <Filter>ImageLib</Filter>
    </ClCompile>
    <ClCompile Include="..\Renderer2\Renderer.cpp">
      <Filter>Renderer2</Filter>
    </ClCompile>
    <ClCompile Include="..\Renderer2\RendererImage.cpp">
      <Filter>Renderer2</Filter>
    </ClCompile>
    <ClCompile Include="..\img_lib\img_bmp.c">
      <Filter>img_lib</Filter>
    </ClCompile>
    <ClCompile Include="..\img_lib\img_cb.c">
      <Filter>img_lib</Filter>
    </ClCompile>
    <ClCompile Include="..\img_lib\img_lib.c">
      <Filter>img_lib</Filter>
    </ClCompile>
    <ClCompile Include="..\img_lib\img_tga.c">
      <Filter>img_lib</Filter>
    </ClCompile>
    <ClCompile Include="..\MapBoard\SgMap.cpp">
      <Filter>MapBoard</Filter>
    </ClCompile>
    <ClCompile Include="..\ImageLib\ImgLib.cpp">
      <Filter>ImageLib</Filter>
    </ClCompile>
    <ClCompile Include="..\Renderer2\RendererD3D11.cpp">
      <Filter>Renderer2</Filter>
    </ClCompile>
    <ClCompile Include="..\Renderer2\RendererImageD3D11.cpp">
      <Filter>Renderer2</Filter>
    </ClCompile>
  </ItemGroup>
  <ItemGroup>
    <ResourceCompile Include="resource.rc">
      <Filter>Source</Filter>
    </ResourceCompile>
  </ItemGroup>
  <ItemGroup>
    <ClInclude Include="Background.h">
      <Filter>Source</Filter>
    </ClInclude>
    <ClInclude Include="view.h">
      <Filter>Source</Filter>
    </ClInclude>
    <ClInclude Include="GenFuncs.h">
      <Filter>Source</Filter>
    </ClInclude>
    <ClInclude Include="input.h">
      <Filter>Source</Filter>
    </ClInclude>
    <ClInclude Include="Joes2.h">
      <Filter>Source</Filter>
    </ClInclude>
    <ClInclude Include="Object.h">
      <Filter>Source</Filter>
    </ClInclude>
    <ClInclude Include="ObjMan.h">
      <Filter>Source</Filter>
    </ClInclude>
    <ClInclude Include="ScrollGIN.h">
      <Filter>Source</Filter>
    </ClInclude>
    <ClInclude Include="Sprite.h">
      <Filter>Source</Filter>
    </ClInclude>
    <ClInclude Include="SpriteManager.h">
      <Filter>Source</Filter>
    </ClInclude>
    <ClInclude Include="TestAI.h">
      <Filter>Source</Filter>
    </ClInclude>
    <ClInclude Include="TileManager.h">
      <Filter>Source</Filter>
    </ClInclude>
    <ClInclude Include="Timer.h">
      <Filter>Source</Filter>
    </ClInclude>
    <ClInclude Include="..\ImageLib\bitmapex.h">
      <Filter>ImageLib</Filter>
    </ClInclude>
    <ClInclude Include="..\Renderer2\Renderer.h">
      <Filter>Renderer2</Filter>
    </ClInclude>
    <ClInclude Include="..\Renderer2\RendererImage.h">
      <Filter>Renderer2</Filter>
    </ClInclude>
    <ClInclude Include="..\img_lib\img_lib.h">
      <Filter>img_lib</Filter>
    </ClInclude>
    <ClInclude Include="..\img_lib\img_lib_types.h">
      <Filter>img_lib</Filter>
    </ClInclude>
    <ClInclude Include="..\img_lib\img_private.h">
      <Filter>img_lib</Filter>
    </ClInclude>
    <ClInclude Include="SgCommon.h">
      <Filter>Source</Filter>
    </ClInclude>
    <ClInclude Include="GameConfig.h">
      <Filter>Source</Filter>
    </ClInclude>
    <ClInclude Include="..\MapBoard\SgMap.h">
      <Filter>MapBoard</Filter>
    </ClInclude>
    <ClInclude Include="..\ImageLib\ImgLib.h">
      <Filter>ImageLib</Filter>
    </ClInclude>
  </ItemGroup>
  <ItemGroup>
    <None Include="icon1.ico">
      <Filter>Resource Files</Filter>
    </None>
  </ItemGroup>
  <ItemGroup>
    <CustomBuild Include="..\Renderer2\Shaders.fx">
      <Filter>Renderer2</Filter>
    </CustomBuild>
  </ItemGroup>
</Project>