<?xml version="1.0" encoding="utf-8"?>
<Project ToolsVersion="4.0" xmlns="http://schemas.microsoft.com/developer/msbuild/2003">
  <ItemGroup>
    <Filter Include="Engine">
      <UniqueIdentifier>{6f678a30-b3bd-4bd8-a4e0-2495a726a25a}</UniqueIdentifier>
    </Filter>
    <Filter Include="Engine\Code">
      <UniqueIdentifier>{95cdaa27-215e-4506-a517-d5fa0ec72f1e}</UniqueIdentifier>
    </Filter>
    <Filter Include="Engine\Code\Renderer2">
      <UniqueIdentifier>{8c621497-b4e9-40b9-bec2-675603ba3d42}</UniqueIdentifier>
    </Filter>
    <Filter Include="Engine\Shaders">
      <UniqueIdentifier>{c91be5ac-ab2d-453a-96a5-11a33bd046a9}</UniqueIdentifier>
    </Filter>
    <Filter Include="Games">
      <UniqueIdentifier>{199dcc6e-2fdd-422e-84db-06d930a51667}</UniqueIdentifier>
    </Filter>
    <Filter Include="Games\Joes2">
      <UniqueIdentifier>{93739731-837a-4a59-933c-08d468314a12}</UniqueIdentifier>
    </Filter>
    <Filter Include="Shared">
      <UniqueIdentifier>{5af53d5f-e189-476c-97d0-c644eda4268b}</UniqueIdentifier>
    </Filter>
    <Filter Include="Shared\MapBoard">
      <UniqueIdentifier>{82e17641-52b3-45b7-886a-79c4b8a19f53}</UniqueIdentifier>
    </Filter>
    <Filter Include="Shared\img_lib">
      <UniqueIdentifier>{32af42a4-a8dd-4e0f-8635-4e6975d57fbb}</UniqueIdentifier>
    </Filter>
    <Filter Include="Shared\ImageLib">
      <UniqueIdentifier>{c91b7125-7c57-458c-a054-92625c67945b}</UniqueIdentifier>
    </Filter>
    <Filter Include="Engine\Res">
      <UniqueIdentifier>{3091ea69-2e5a-40e7-838a-3d7f2b3b93be}</UniqueIdentifier>
    </Filter>
  </ItemGroup>
  <ItemGroup>
    <ClCompile Include="..\..\Engine\Code\Background.cpp">
      <Filter>Engine\Code</Filter>
    </ClCompile>
    <ClCompile Include="..\..\Engine\Code\GenFuncs.c">
      <Filter>Engine\Code</Filter>
    </ClCompile>
    <ClCompile Include="..\..\Engine\Code\input.cpp">
      <Filter>Engine\Code</Filter>
    </ClCompile>
    <ClCompile Include="..\..\Engine\Code\Object.cpp">
      <Filter>Engine\Code</Filter>
    </ClCompile>
    <ClCompile Include="..\..\Engine\Code\ObjMan.cpp">
      <Filter>Engine\Code</Filter>
    </ClCompile>
    <ClCompile Include="..\..\Engine\Code\ScrollGIN.cpp">
      <Filter>Engine\Code</Filter>
    </ClCompile>
    <ClCompile Include="..\..\Engine\Code\Sprite.cpp">
      <Filter>Engine\Code</Filter>
    </ClCompile>
    <ClCompile Include="..\..\Engine\Code\SpriteManager.cpp">
      <Filter>Engine\Code</Filter>
    </ClCompile>
    <ClCompile Include="..\..\Engine\Code\TileLibrary.cpp">
      <Filter>Engine\Code</Filter>
    </ClCompile>
    <ClCompile Include="..\..\Engine\Code\TileManager.cpp">
      <Filter>Engine\Code</Filter>
    </ClCompile>
    <ClCompile Include="..\..\Engine\Code\Timer.cpp">
      <Filter>Engine\Code</Filter>
    </ClCompile>
    <ClCompile Include="..\..\Engine\Code\view.cpp">
      <Filter>Engine\Code</Filter>
    </ClCompile>
    <ClCompile Include="..\..\Engine\Code\Renderer2\Renderer.cpp">
      <Filter>Engine\Code\Renderer2</Filter>
    </ClCompile>
    <ClCompile Include="..\..\Engine\Code\Renderer2\RendererD3D11.cpp">
      <Filter>Engine\Code\Renderer2</Filter>
    </ClCompile>
    <ClCompile Include="..\..\Engine\Code\Renderer2\RendererImage.cpp">
      <Filter>Engine\Code\Renderer2</Filter>
    </ClCompile>
    <ClCompile Include="..\..\Engine\Code\Renderer2\RendererImageD3D11.cpp">
      <Filter>Engine\Code\Renderer2</Filter>
    </ClCompile>
    <ClCompile Include="..\..\Games\Joes2\Joes2.cpp">
      <Filter>Games\Joes2</Filter>
    </ClCompile>
    <ClCompile Include="..\..\Shared\MapBoard\SgMap.cpp">
      <Filter>Shared\MapBoard</Filter>
    </ClCompile>
    <ClCompile Include="..\..\Shared\img_lib\img_bmp.c">
      <Filter>Shared\img_lib</Filter>
    </ClCompile>
    <ClCompile Include="..\..\Shared\img_lib\img_cb.c">
      <Filter>Shared\img_lib</Filter>
    </ClCompile>
    <ClCompile Include="..\..\Shared\img_lib\img_lib.c">
      <Filter>Shared\img_lib</Filter>
    </ClCompile>
    <ClCompile Include="..\..\Shared\img_lib\img_tga.c">
      <Filter>Shared\img_lib</Filter>
    </ClCompile>
    <ClCompile Include="..\..\Shared\ImageLib\Bitmap.c">
      <Filter>Shared\ImageLib</Filter>
    </ClCompile>
    <ClCompile Include="..\..\Shared\ImageLib\ImgLib.cpp">
      <Filter>Shared\ImageLib</Filter>
    </ClCompile>
    <ClCompile Include="..\..\Engine\Code\SgEngine.cpp">
      <Filter>Engine\Code</Filter>
    </ClCompile>
  </ItemGroup>
  <ItemGroup>
    <ClInclude Include="..\..\Engine\Code\Background.h">
      <Filter>Engine\Code</Filter>
    </ClInclude>
    <ClInclude Include="..\..\Engine\Code\GameConfig.h">
      <Filter>Engine\Code</Filter>
    </ClInclude>
    <ClInclude Include="..\..\Engine\Code\GenFuncs.h">
      <Filter>Engine\Code</Filter>
    </ClInclude>
    <ClInclude Include="..\..\Engine\Code\input.h">
      <Filter>Engine\Code</Filter>
    </ClInclude>
    <ClInclude Include="..\..\Engine\Code\Object.h">
      <Filter>Engine\Code</Filter>
    </ClInclude>
    <ClInclude Include="..\..\Engine\Code\ObjMan.h">
      <Filter>Engine\Code</Filter>
    </ClInclude>
    <ClInclude Include="..\..\Engine\Code\ScrollGIN.h">
      <Filter>Engine\Code</Filter>
    </ClInclude>
    <ClInclude Include="..\..\Engine\Code\Sprite.h">
      <Filter>Engine\Code</Filter>
    </ClInclude>
    <ClInclude Include="..\..\Engine\Code\SpriteManager.h">
      <Filter>Engine\Code</Filter>
    </ClInclude>
    <ClInclude Include="..\..\Engine\Code\TileManager.h">
      <Filter>Engine\Code</Filter>
    </ClInclude>
    <ClInclude Include="..\..\Engine\Code\Timer.h">
      <Filter>Engine\Code</Filter>
    </ClInclude>
    <ClInclude Include="..\..\Engine\Code\view.h">
      <Filter>Engine\Code</Filter>
    </ClInclude>
    <ClInclude Include="..\..\Engine\Code\Renderer2\Renderer.h">
      <Filter>Engine\Code\Renderer2</Filter>
    </ClInclude>
    <ClInclude Include="..\..\Engine\Code\Renderer2\RendererD3D11_Private.h">
      <Filter>Engine\Code\Renderer2</Filter>
    </ClInclude>
    <ClInclude Include="..\..\Engine\Code\Renderer2\RendererImage.h">
      <Filter>Engine\Code\Renderer2</Filter>
    </ClInclude>
    <ClInclude Include="..\..\Games\Joes2\Joes2.h">
      <Filter>Games\Joes2</Filter>
    </ClInclude>
    <ClInclude Include="..\..\Shared\MapBoard\SgMap.h">
      <Filter>Shared\MapBoard</Filter>
    </ClInclude>
    <ClInclude Include="..\..\Shared\img_lib\img_lib.h">
      <Filter>Shared\img_lib</Filter>
    </ClInclude>
    <ClInclude Include="..\..\Shared\img_lib\img_lib_types.h">
      <Filter>Shared\img_lib</Filter>
    </ClInclude>
    <ClInclude Include="..\..\Shared\img_lib\img_private.h">
      <Filter>Shared\img_lib</Filter>
    </ClInclude>
    <ClInclude Include="..\..\Shared\ImageLib\bitmapex.h">
      <Filter>Shared\ImageLib</Filter>
    </ClInclude>
    <ClInclude Include="..\..\Shared\ImageLib\ImgLib.h">
      <Filter>Shared\ImageLib</Filter>
    </ClInclude>
    <ClInclude Include="..\..\Shared\SgCommon.h">
      <Filter>Shared</Filter>
    </ClInclude>
    <ClInclude Include="..\..\Engine\Code\SgEngine.h">
      <Filter>Engine\Code</Filter>
    </ClInclude>
  </ItemGroup>
  <ItemGroup>
    <CustomBuild Include="..\..\Engine\Shaders\Shaders.fx">
      <Filter>Engine\Shaders</Filter>
    </CustomBuild>
  </ItemGroup>
  <ItemGroup>
    <Image Include="..\..\Engine\Res\icon1.ico">
      <Filter>Engine\Res</Filter>
    </Image>
  </ItemGroup>
</Project>