
Microsoft Visual Studio Solution File, Format Version 11.00
# Visual Studio 2010
Project("{8BC9CEB8-8B4A-11D0-8D11-00A0C91BC942}") = "ImageEdit", "Source\ImageEdit\ImageEdit.vcxproj", "{411FAAE8-024E-036D-B910-0D6202C8F708}"
EndProject
Project("{8BC9CEB8-8B4A-11D0-8D11-00A0C91BC942}") = "ScrollEdit", "Source\ScrollEDIT\ScrollEdit.vcxproj", "{17602593-00B7-F63A-A49C-40648D4EEC43}"
EndProject
Project("{8BC9CEB8-8B4A-11D0-8D11-00A0C91BC942}") = "ScrollGIN", "Source\ScrollGIN\ScrollGIN.vcxproj", "{FFC17819-A5A2-4424-B99F-BFDA08AC6EB6}"
EndProject
Global
	GlobalSection(SolutionConfigurationPlatforms) = preSolution
		Debug|Win32 = Debug|Win32
		Release|Win32 = Release|Win32
	EndGlobalSection
	GlobalSection(ProjectConfigurationPlatforms) = postSolution
		{411FAAE8-024E-036D-B910-0D6202C8F708}.Debug|Win32.ActiveCfg = Debug|Win32
		{411FAAE8-024E-036D-B910-0D6202C8F708}.Debug|Win32.Build.0 = Debug|Win32
		{411FAAE8-024E-036D-B910-0D6202C8F708}.Release|Win32.ActiveCfg = Debug|Win32
		{411FAAE8-024E-036D-B910-0D6202C8F708}.Release|Win32.Build.0 = Debug|Win32
		{17602593-00B7-F63A-A49C-40648D4EEC43}.Debug|Win32.ActiveCfg = Debug|Win32
		{17602593-00B7-F63A-A49C-40648D4EEC43}.Debug|Win32.Build.0 = Debug|Win32
		{17602593-00B7-F63A-A49C-40648D4EEC43}.Release|Win32.ActiveCfg = Release|Win32
		{17602593-00B7-F63A-A49C-40648D4EEC43}.Release|Win32.Build.0 = Release|Win32
		{FFC17819-A5A2-4424-B99F-BFDA08AC6EB6}.Debug|Win32.ActiveCfg = Debug|Win32
		{FFC17819-A5A2-4424-B99F-BFDA08AC6EB6}.Debug|Win32.Build.0 = Debug|Win32
		{FFC17819-A5A2-4424-B99F-BFDA08AC6EB6}.Release|Win32.ActiveCfg = Release|Win32
		{FFC17819-A5A2-4424-B99F-BFDA08AC6EB6}.Release|Win32.Build.0 = Release|Win32
	EndGlobalSection
	GlobalSection(SolutionProperties) = preSolution
		HideSolutionNode = FALSE
	EndGlobalSection
EndGlobal
