
Microsoft Visual Studio Solution File, Format Version 12.00
# Visual Studio Version 17
VisualStudioVersion = 17.14.36717.8
MinimumVisualStudioVersion = 10.0.40219.1
Project("{8BC9CEB8-8B4A-11D0-8D11-00A0C91BC942}") = "ScrollGIN", "Source\VS\ScrollGIN\ScrollGIN.vcxproj", "{FFC17819-A5A2-4424-B99F-BFDA08AC6EB6}"
EndProject
Project("{8BC9CEB8-8B4A-11D0-8D11-00A0C91BC942}") = "ScrollEdit", "Source\VS\ScrollEdit\ScrollEdit.vcxproj", "{17602593-00B7-F63A-A49C-40648D4EEC43}"
EndProject
Project("{8BC9CEB8-8B4A-11D0-8D11-00A0C91BC942}") = "ImageEdit", "Source\VS\ImageEdit\ImageEdit.vcxproj", "{411FAAE8-024E-036D-B910-0D6202C8F708}"
EndProject
Project("{8BC9CEB8-8B4A-11D0-8D11-00A0C91BC942}") = "Joes2", "Games\Joes2\VS\Joes2.vcxproj", "{D379D5E8-09C8-4F16-A00D-C44F9FEBC89B}"
	ProjectSection(ProjectDependencies) = postProject
		{FFC17819-A5A2-4424-B99F-BFDA08AC6EB6} = {FFC17819-A5A2-4424-B99F-BFDA08AC6EB6}
	EndProjectSection
EndProject
Project("{2150E333-8FDC-42A3-9474-1A3956D46DE8}") = "Games", "Games", "{02EA681E-C7D8-13C7-8484-4AC65E1B71E8}"
EndProject
Project("{8BC9CEB8-8B4A-11D0-8D11-00A0C91BC942}") = "TestGame", "Games\TestGame\VS\TestGame.vcxproj", "{DCB82E82-5B96-437A-9979-9661B49122D3}"
	ProjectSection(ProjectDependencies) = postProject
		{FFC17819-A5A2-4424-B99F-BFDA08AC6EB6} = {FFC17819-A5A2-4424-B99F-BFDA08AC6EB6}
	EndProjectSection
EndProject
Project("{2150E333-8FDC-42A3-9474-1A3956D46DE8}") = "Tools", "Tools", "{C1C1FF8C-A29D-4DB0-BC3D-91C60392916C}"
EndProject
Project("{2150E333-8FDC-42A3-9474-1A3956D46DE8}") = "Engine", "Engine", "{B8BDAFDD-DECF-45E9-9592-C6A415FA8986}"
EndProject
Global
	GlobalSection(SolutionConfigurationPlatforms) = preSolution
		Debug|x86 = Debug|x86
		Release|x86 = Release|x86
	EndGlobalSection
	GlobalSection(ProjectConfigurationPlatforms) = postSolution
		{FFC17819-A5A2-4424-B99F-BFDA08AC6EB6}.Debug|x86.ActiveCfg = Debug|Win32
		{FFC17819-A5A2-4424-B99F-BFDA08AC6EB6}.Debug|x86.Build.0 = Debug|Win32
		{FFC17819-A5A2-4424-B99F-BFDA08AC6EB6}.Release|x86.ActiveCfg = Release|Win32
		{FFC17819-A5A2-4424-B99F-BFDA08AC6EB6}.Release|x86.Build.0 = Release|Win32
		{17602593-00B7-F63A-A49C-40648D4EEC43}.Debug|x86.ActiveCfg = Debug|Win32
		{17602593-00B7-F63A-A49C-40648D4EEC43}.Debug|x86.Build.0 = Debug|Win32
		{17602593-00B7-F63A-A49C-40648D4EEC43}.Release|x86.ActiveCfg = Release|Win32
		{17602593-00B7-F63A-A49C-40648D4EEC43}.Release|x86.Build.0 = Release|Win32
		{411FAAE8-024E-036D-B910-0D6202C8F708}.Debug|x86.ActiveCfg = Debug|Win32
		{411FAAE8-024E-036D-B910-0D6202C8F708}.Debug|x86.Build.0 = Debug|Win32
		{411FAAE8-024E-036D-B910-0D6202C8F708}.Release|x86.ActiveCfg = Release|Win32
		{411FAAE8-024E-036D-B910-0D6202C8F708}.Release|x86.Build.0 = Release|Win32
		{D379D5E8-09C8-4F16-A00D-C44F9FEBC89B}.Debug|x86.ActiveCfg = Debug|Win32
		{D379D5E8-09C8-4F16-A00D-C44F9FEBC89B}.Debug|x86.Build.0 = Debug|Win32
		{D379D5E8-09C8-4F16-A00D-C44F9FEBC89B}.Release|x86.ActiveCfg = Release|Win32
		{D379D5E8-09C8-4F16-A00D-C44F9FEBC89B}.Release|x86.Build.0 = Release|Win32
		{DCB82E82-5B96-437A-9979-9661B49122D3}.Debug|x86.ActiveCfg = Debug|Win32
		{DCB82E82-5B96-437A-9979-9661B49122D3}.Debug|x86.Build.0 = Debug|Win32
		{DCB82E82-5B96-437A-9979-9661B49122D3}.Release|x86.ActiveCfg = Release|Win32
		{DCB82E82-5B96-437A-9979-9661B49122D3}.Release|x86.Build.0 = Release|Win32
	EndGlobalSection
	GlobalSection(SolutionProperties) = preSolution
		HideSolutionNode = FALSE
	EndGlobalSection
	GlobalSection(NestedProjects) = preSolution
		{FFC17819-A5A2-4424-B99F-BFDA08AC6EB6} = {B8BDAFDD-DECF-45E9-9592-C6A415FA8986}
		{17602593-00B7-F63A-A49C-40648D4EEC43} = {C1C1FF8C-A29D-4DB0-BC3D-91C60392916C}
		{411FAAE8-024E-036D-B910-0D6202C8F708} = {C1C1FF8C-A29D-4DB0-BC3D-91C60392916C}
		{D379D5E8-09C8-4F16-A00D-C44F9FEBC89B} = {02EA681E-C7D8-13C7-8484-4AC65E1B71E8}
		{DCB82E82-5B96-437A-9979-9661B49122D3} = {02EA681E-C7D8-13C7-8484-4AC65E1B71E8}
	EndGlobalSection
	GlobalSection(ExtensibilityGlobals) = postSolution
		SolutionGuid = {1BE7D510-9384-4CF1-B6C6-2BBAE82BBD1A}
	EndGlobalSection
EndGlobal
