<?xml version="1.0" encoding="utf-8"?>
<Project ToolsVersion="4.0" xmlns="http://schemas.microsoft.com/developer/msbuild/2003">
  <ItemGroup>
    <Filter Include="Resource Files">
      <UniqueIdentifier>{64dca3dc-93e1-4c43-ac12-0545e69820f2}</UniqueIdentifier>
      <Extensions>ico;cur;bmp;dlg;rc2;rct;bin;rgs;gif;jpg;jpeg;jpe</Extensions>
    </Filter>
    <Filter Include="Source">
      <UniqueIdentifier>{26441f19-63e3-453a-9f99-4dc1aca6529f}</UniqueIdentifier>
      <Extensions>cpp;c;cxx;rc;def;r;odl;idl;hpj;bat</Extensions>
    </Filter>
    <Filter Include="ImageLib">
      <UniqueIdentifier>{9417ef80-6452-41ef-ae20-25e4a295346c}</UniqueIdentifier>
    </Filter>
    <Filter Include="MapBoard">
      <UniqueIdentifier>{41d064e8-1a66-4386-b42a-139ae54bcfb2}</UniqueIdentifier>
    </Filter>
    <Filter Include="img_lib">
      <UniqueIdentifier>{dbdc00fc-be4a-4e16-941f-385c99740837}</UniqueIdentifier>
    </Filter>
  </ItemGroup>
  <ItemGroup>
    <ClCompile Include="ConstLibrary.cpp">
      <Filter>Source</Filter>
    </ClCompile>
    <ClCompile Include="Main.cpp">
      <Filter>Source</Filter>
    </ClCompile>
    <ClCompile Include="Registry.cpp">
      <Filter>Source</Filter>
    </ClCompile>
    <ClCompile Include="..\ImageLib\Bitmap.c">
      <Filter>ImageLib</Filter>
    </ClCompile>
    <ClCompile Include="..\ImageLib\EditImageLibrary.cpp">
      <Filter>ImageLib</Filter>
    </ClCompile>
    <ClCompile Include="..\ImageLib\ImageArchive.cpp">
      <Filter>ImageLib</Filter>
    </ClCompile>
    <ClCompile Include="..\ImageLib\ImageLibrary.cpp">
      <Filter>ImageLib</Filter>
    </ClCompile>
    <ClCompile Include="..\img_lib\img_bmp.c">
      <Filter>img_lib</Filter>
    </ClCompile>
    <ClCompile Include="..\img_lib\img_cb.c">
      <Filter>img_lib</Filter>
    </ClCompile>
    <ClCompile Include="..\img_lib\img_lib.c">
      <Filter>img_lib</Filter>
    </ClCompile>
    <ClCompile Include="..\img_lib\img_tga.c">
      <Filter>img_lib</Filter>
    </ClCompile>
    <ClCompile Include="..\MapBoard\SgMap.cpp">
      <Filter>MapBoard</Filter>
    </ClCompile>
  </ItemGroup>
  <ItemGroup>
    <ResourceCompile Include="Resource.rc">
      <Filter>Source</Filter>
    </ResourceCompile>
  </ItemGroup>
  <ItemGroup>
    <ClInclude Include="ConstLibrary.h">
      <Filter>Source</Filter>
    </ClInclude>
    <ClInclude Include="Registry.h">
      <Filter>Source</Filter>
    </ClInclude>
    <ClInclude Include="..\ImageLib\bitmapex.h">
      <Filter>ImageLib</Filter>
    </ClInclude>
    <ClInclude Include="..\ImageLib\ImageLib.h">
      <Filter>ImageLib</Filter>
    </ClInclude>
    <ClInclude Include="..\img_lib\img_lib.h">
      <Filter>img_lib</Filter>
    </ClInclude>
    <ClInclude Include="..\img_lib\img_lib_types.h">
      <Filter>img_lib</Filter>
    </ClInclude>
    <ClInclude Include="..\img_lib\img_private.h">
      <Filter>img_lib</Filter>
    </ClInclude>
    <ClInclude Include="..\MapBoard\SgMap.h">
      <Filter>MapBoard</Filter>
    </ClInclude>
  </ItemGroup>
  <ItemGroup>
    <CustomBuild Include="Archtiles.bmp">
      <Filter>Resource Files</Filter>
    </CustomBuild>
    <CustomBuild Include="icon1.ico">
      <Filter>Resource Files</Filter>
    </CustomBuild>
  </ItemGroup>
</Project>