<?xml version="1.0" encoding="utf-8"?>
<Project ToolsVersion="4.0" xmlns="http://schemas.microsoft.com/developer/msbuild/2003">
  <ItemGroup>
    <Filter Include="Shared">
      <UniqueIdentifier>{9e6c2364-6194-4352-a7e5-9e10f6cc9e81}</UniqueIdentifier>
    </Filter>
    <Filter Include="Shared\ImageLib">
      <UniqueIdentifier>{a33e832b-37c3-494a-a67b-ebaf3995902f}</UniqueIdentifier>
    </Filter>
    <Filter Include="Shared\img_lib">
      <UniqueIdentifier>{2302d871-369c-4cb7-9ad2-b744b76a686d}</UniqueIdentifier>
    </Filter>
    <Filter Include="Shared\MapBoard">
      <UniqueIdentifier>{40d794dc-52fe-48d4-be71-764cd7c6806e}</UniqueIdentifier>
    </Filter>
    <Filter Include="ScrollEdit">
      <UniqueIdentifier>{a1241081-76f2-452d-9403-38c4051584be}</UniqueIdentifier>
    </Filter>
    <Filter Include="ScrollEdit\Code">
      <UniqueIdentifier>{8fe60d54-8804-4ca9-aafb-c1979c91b10a}</UniqueIdentifier>
    </Filter>
    <Filter Include="ScrollEdit\Res">
      <UniqueIdentifier>{d8e6fb15-2b6e-4e51-b9ad-31915f21edf0}</UniqueIdentifier>
    </Filter>
    <Filter Include="ScrollEdit\Content">
      <UniqueIdentifier>{8309494c-7096-4bd0-b474-604bebddde28}</UniqueIdentifier>
    </Filter>
  </ItemGroup>
  <ItemGroup>
    <ClCompile Include="..\..\Tools\ScrollEdit\Code\ConstLibrary.cpp">
      <Filter>ScrollEdit\Code</Filter>
    </ClCompile>
    <ClCompile Include="..\..\Tools\ScrollEdit\Code\Main.cpp">
      <Filter>ScrollEdit\Code</Filter>
    </ClCompile>
    <ClCompile Include="..\..\Tools\ScrollEdit\Code\Registry.cpp">
      <Filter>ScrollEdit\Code</Filter>
    </ClCompile>
    <ClCompile Include="..\..\Shared\ImageLib\ImgLib.cpp">
      <Filter>Shared\ImageLib</Filter>
    </ClCompile>
    <ClCompile Include="..\..\Shared\img_lib\img_bmp.c">
      <Filter>Shared\img_lib</Filter>
    </ClCompile>
    <ClCompile Include="..\..\Shared\img_lib\img_cb.c">
      <Filter>Shared\img_lib</Filter>
    </ClCompile>
    <ClCompile Include="..\..\Shared\img_lib\img_lib.c">
      <Filter>Shared\img_lib</Filter>
    </ClCompile>
    <ClCompile Include="..\..\Shared\img_lib\img_tga.c">
      <Filter>Shared\img_lib</Filter>
    </ClCompile>
    <ClCompile Include="..\..\Shared\MapBoard\SgMap.cpp">
      <Filter>Shared\MapBoard</Filter>
    </ClCompile>
    <ClCompile Include="..\..\Shared\ImageLib\BitmapEx.cpp">
      <Filter>Shared\ImageLib</Filter>
    </ClCompile>
    <ClCompile Include="..\..\Shared\ImageLib\SgImage.cpp">
      <Filter>Shared\ImageLib</Filter>
    </ClCompile>
    <ClCompile Include="..\..\Tools\ScrollEdit\Code\SgWinDCImgLib.cpp">
      <Filter>ScrollEdit\Code</Filter>
    </ClCompile>
  </ItemGroup>
  <ItemGroup>
    <ClInclude Include="..\..\Tools\ScrollEdit\Code\ConstLibrary.h">
      <Filter>ScrollEdit\Code</Filter>
    </ClInclude>
    <ClInclude Include="..\..\Tools\ScrollEdit\Code\Defines.h">
      <Filter>ScrollEdit\Code</Filter>
    </ClInclude>
    <ClInclude Include="..\..\Tools\ScrollEdit\Code\Registry.h">
      <Filter>ScrollEdit\Code</Filter>
    </ClInclude>
    <ClInclude Include="..\..\Tools\ScrollEdit\Res\resource.h">
      <Filter>ScrollEdit\Res</Filter>
    </ClInclude>
    <ClInclude Include="..\..\Shared\ImageLib\bitmapex.h">
      <Filter>Shared\ImageLib</Filter>
    </ClInclude>
    <ClInclude Include="..\..\Shared\ImageLib\ImgLib.h">
      <Filter>Shared\ImageLib</Filter>
    </ClInclude>
    <ClInclude Include="..\..\Shared\img_lib\img_lib.h">
      <Filter>Shared\img_lib</Filter>
    </ClInclude>
    <ClInclude Include="..\..\Shared\img_lib\img_lib_types.h">
      <Filter>Shared\img_lib</Filter>
    </ClInclude>
    <ClInclude Include="..\..\Shared\img_lib\img_private.h">
      <Filter>Shared\img_lib</Filter>
    </ClInclude>
    <ClInclude Include="..\..\Shared\MapBoard\SgMap.h">
      <Filter>Shared\MapBoard</Filter>
    </ClInclude>
    <ClInclude Include="..\..\Shared\SgCommon.h">
      <Filter>Shared</Filter>
    </ClInclude>
    <ClInclude Include="..\..\Shared\ImageLib\SgImage.h">
      <Filter>Shared\ImageLib</Filter>
    </ClInclude>
    <ClInclude Include="..\..\Tools\ScrollEdit\Code\SgWinDCImgLib.h">
      <Filter>ScrollEdit\Code</Filter>
    </ClInclude>
  </ItemGroup>
  <ItemGroup>
    <Image Include="..\..\Tools\ScrollEdit\Res\archtiles.bmp">
      <Filter>ScrollEdit\Res</Filter>
    </Image>
    <Image Include="..\..\Tools\ScrollEdit\Res\archtiles2.bmp">
      <Filter>ScrollEdit\Res</Filter>
    </Image>
    <Image Include="..\..\Tools\ScrollEdit\Res\archtiles3.bmp">
      <Filter>ScrollEdit\Res</Filter>
    </Image>
    <Image Include="..\..\Tools\ScrollEdit\Res\icon1.ico">
      <Filter>ScrollEdit\Res</Filter>
    </Image>
  </ItemGroup>
  <ItemGroup>
    <ResourceCompile Include="..\..\Tools\ScrollEdit\Res\Resource.rc">
      <Filter>ScrollEdit\Res</Filter>
    </ResourceCompile>
  </ItemGroup>
  <ItemGroup>
    <None Include="..\..\Tools\ScrollEdit\Content\ScrollEditHelp.chm">
      <Filter>ScrollEdit\Content</Filter>
    </None>
  </ItemGroup>
</Project>